// !$*UTF8*$!
{
	archiveVersion = 1;
	classes = {
	};
	objectVersion = 55;
	objects = {

/* Begin PBXBuildFile section */
		942100A82BE47D2900717033 /* Chapter1App.swift in Sources */ = {isa = PBXBuildFile; fileRef = 942100A72BE47D2900717033 /* Chapter1App.swift */; };
		942100AA2BE47D2A00717033 /* ImageListView.swift in Sources */ = {isa = PBXBuildFile; fileRef = 942100A92BE47D2A00717033 /* ImageListView.swift */; };
		942100AC2BE47D2B00717033 /* Assets.xcassets in Resources */ = {isa = PBXBuildFile; fileRef = 942100AB2BE47D2B00717033 /* Assets.xcassets */; };
		942100AF2BE47D2B00717033 /* Preview Assets.xcassets in Resources */ = {isa = PBXBuildFile; fileRef = 942100AE2BE47D2B00717033 /* Preview Assets.xcassets */; };
		942100B92BE47D2C00717033 /* Chapter1Tests.swift in Sources */ = {isa = PBXBuildFile; fileRef = 942100B82BE47D2C00717033 /* Chapter1Tests.swift */; };
		942100C32BE47D2C00717033 /* Chapter1UITests.swift in Sources */ = {isa = PBXBuildFile; fileRef = 942100C22BE47D2C00717033 /* Chapter1UITests.swift */; };
		942100C52BE47D2C00717033 /* Chapter1UITestsLaunchTests.swift in Sources */ = {isa = PBXBuildFile; fileRef = 942100C42BE47D2C00717033 /* Chapter1UITestsLaunchTests.swift */; };
		942100D82BE4897D00717033 /* Wisata.swift in Sources */ = {isa = PBXBuildFile; fileRef = 942100D72BE4897D00717033 /* Wisata.swift */; };
		942100DD2BE48AA000717033 /* ModelData.swift in Sources */ = {isa = PBXBuildFile; fileRef = 942100DC2BE48AA000717033 /* ModelData.swift */; };
/* End PBXBuildFile section */

/* Begin PBXContainerItemProxy section */
		942100B52BE47D2C00717033 /* PBXContainerItemProxy */ = {
			isa = PBXContainerItemProxy;
			containerPortal = 9421009C2BE47D2900717033 /* Project object */;
			proxyType = 1;
			remoteGlobalIDString = 942100A32BE47D2900717033;
			remoteInfo = Chapter1;
		};
		942100BF2BE47D2C00717033 /* PBXContainerItemProxy */ = {
			isa = PBXContainerItemProxy;
			containerPortal = 9421009C2BE47D2900717033 /* Project object */;
			proxyType = 1;
			remoteGlobalIDString = 942100A32BE47D2900717033;
			remoteInfo = Chapter1;
		};
/* End PBXContainerItemProxy section */

/* Begin PBXFileReference section */
		942100A42BE47D2900717033 /* Chapter1.app */ = {isa = PBXFileReference; explicitFileType = wrapper.application; includeInIndex = 0; path = Chapter1.app; sourceTree = BUILT_PRODUCTS_DIR; };
		942100A72BE47D2900717033 /* Chapter1App.swift */ = {isa = PBXFileReference; lastKnownFileType = sourcecode.swift; path = Chapter1App.swift; sourceTree = "<group>"; };
		942100A92BE47D2A00717033 /* ImageListView.swift */ = {isa = PBXFileReference; lastKnownFileType = sourcecode.swift; path = ImageListView.swift; sourceTree = "<group>"; };
		942100AB2BE47D2B00717033 /* Assets.xcassets */ = {isa = PBXFileReference; lastKnownFileType = folder.assetcatalog; path = Assets.xcassets; sourceTree = "<group>"; };
		942100AE2BE47D2B00717033 /* Preview Assets.xcassets */ = {isa = PBXFileReference; lastKnownFileType = folder.assetcatalog; path = "Preview Assets.xcassets"; sourceTree = "<group>"; };
		942100B42BE47D2C00717033 /* Chapter1Tests.xctest */ = {isa = PBXFileReference; explicitFileType = wrapper.cfbundle; includeInIndex = 0; path = Chapter1Tests.xctest; sourceTree = BUILT_PRODUCTS_DIR; };
		942100B82BE47D2C00717033 /* Chapter1Tests.swift */ = {isa = PBXFileReference; lastKnownFileType = sourcecode.swift; path = Chapter1Tests.swift; sourceTree = "<group>"; };
		942100BE2BE47D2C00717033 /* Chapter1UITests.xctest */ = {isa = PBXFileReference; explicitFileType = wrapper.cfbundle; includeInIndex = 0; path = Chapter1UITests.xctest; sourceTree = BUILT_PRODUCTS_DIR; };
		942100C22BE47D2C00717033 /* Chapter1UITests.swift */ = {isa = PBXFileReference; lastKnownFileType = sourcecode.swift; path = Chapter1UITests.swift; sourceTree = "<group>"; };
		942100C42BE47D2C00717033 /* Chapter1UITestsLaunchTests.swift */ = {isa = PBXFileReference; lastKnownFileType = sourcecode.swift; path = Chapter1UITestsLaunchTests.swift; sourceTree = "<group>"; };
		942100D72BE4897D00717033 /* Wisata.swift */ = {isa = PBXFileReference; lastKnownFileType = sourcecode.swift; path = Wisata.swift; sourceTree = "<group>"; };
		942100DC2BE48AA000717033 /* ModelData.swift */ = {isa = PBXFileReference; lastKnownFileType = sourcecode.swift; path = ModelData.swift; sourceTree = "<group>"; };
/* End PBXFileReference section */

/* Begin PBXFrameworksBuildPhase section */
		942100A12BE47D2900717033 /* Frameworks */ = {
			isa = PBXFrameworksBuildPhase;
			buildActionMask = 2147483647;
			files = (
			);
			runOnlyForDeploymentPostprocessing = 0;
		};
		942100B12BE47D2C00717033 /* Frameworks */ = {
			isa = PBXFrameworksBuildPhase;
			buildActionMask = 2147483647;
			files = (
			);
			runOnlyForDeploymentPostprocessing = 0;
		};
		942100BB2BE47D2C00717033 /* Frameworks */ = {
			isa = PBXFrameworksBuildPhase;
			buildActionMask = 2147483647;
			files = (
			);
			runOnlyForDeploymentPostprocessing = 0;
		};
/* End PBXFrameworksBuildPhase section */

/* Begin PBXGroup section */
		9421009B2BE47D2900717033 = {
			isa = PBXGroup;
			children = (
				942100A62BE47D2900717033 /* Chapter1 */,
				942100B72BE47D2C00717033 /* Chapter1Tests */,
				942100C12BE47D2C00717033 /* Chapter1UITests */,
				942100A52BE47D2900717033 /* Products */,
			);
			sourceTree = "<group>";
		};
		942100A52BE47D2900717033 /* Products */ = {
			isa = PBXGroup;
			children = (
				942100A42BE47D2900717033 /* Chapter1.app */,
				942100B42BE47D2C00717033 /* Chapter1Tests.xctest */,
				942100BE2BE47D2C00717033 /* Chapter1UITests.xctest */,
			);
			name = Products;
			sourceTree = "<group>";
		};
		942100A62BE47D2900717033 /* Chapter1 */ = {
			isa = PBXGroup;
			children = (
				942100DB2BE48A7D00717033 /* Resources */,
				942100D62BE4895900717033 /* Model */,
				942100A72BE47D2900717033 /* Chapter1App.swift */,
				942100AB2BE47D2B00717033 /* Assets.xcassets */,
				942100D52BE488D400717033 /* Views */,
				942100AD2BE47D2B00717033 /* Preview Content */,
			);
			path = Chapter1;
			sourceTree = "<group>";
		};
		942100AD2BE47D2B00717033 /* Preview Content */ = {
			isa = PBXGroup;
			children = (
				942100AE2BE47D2B00717033 /* Preview Assets.xcassets */,
			);
			path = "Preview Content";
			sourceTree = "<group>";
		};
		942100B72BE47D2C00717033 /* Chapter1Tests */ = {
			isa = PBXGroup;
			children = (
				942100B82BE47D2C00717033 /* Chapter1Tests.swift */,
			);
			path = Chapter1Tests;
			sourceTree = "<group>";
		};
		942100C12BE47D2C00717033 /* Chapter1UITests */ = {
			isa = PBXGroup;
			children = (
				942100C22BE47D2C00717033 /* Chapter1UITests.swift */,
				942100C42BE47D2C00717033 /* Chapter1UITestsLaunchTests.swift */,
			);
			path = Chapter1UITests;
			sourceTree = "<group>";
		};
		942100D52BE488D400717033 /* Views */ = {
			isa = PBXGroup;
			children = (
				942100A92BE47D2A00717033 /* ImageListView.swift */,
			);
			path = Views;
			sourceTree = "<group>";
		};
		942100D62BE4895900717033 /* Model */ = {
			isa = PBXGroup;
			children = (
				942100DC2BE48AA000717033 /* ModelData.swift */,
				942100D72BE4897D00717033 /* Wisata.swift */,
			);
			path = Model;
			sourceTree = "<group>";
		};
		942100DB2BE48A7D00717033 /* Resources */ = {
			isa = PBXGroup;
			children = (
			);
			path = Resources;
			sourceTree = "<group>";
		};
/* End PBXGroup section */

/* Begin PBXNativeTarget section */
		942100A32BE47D2900717033 /* Chapter1 */ = {
			isa = PBXNativeTarget;
			buildConfigurationList = 942100C82BE47D2C00717033 /* Build configuration list for PBXNativeTarget "Chapter1" */;
			buildPhases = (
				942100A02BE47D2900717033 /* Sources */,
				942100A12BE47D2900717033 /* Frameworks */,
				942100A22BE47D2900717033 /* Resources */,
			);
			buildRules = (
			);
			dependencies = (
			);
			name = Chapter1;
			productName = Chapter1;
			productReference = 942100A42BE47D2900717033 /* Chapter1.app */;
			productType = "com.apple.product-type.application";
		};
		942100B32BE47D2C00717033 /* Chapter1Tests */ = {
			isa = PBXNativeTarget;
			buildConfigurationList = 942100CB2BE47D2C00717033 /* Build configuration list for PBXNativeTarget "Chapter1Tests" */;
			buildPhases = (
				942100B02BE47D2C00717033 /* Sources */,
				942100B12BE47D2C00717033 /* Frameworks */,
				942100B22BE47D2C00717033 /* Resources */,
			);
			buildRules = (
			);
			dependencies = (
				942100B62BE47D2C00717033 /* PBXTargetDependency */,
			);
			name = Chapter1Tests;
			productName = Chapter1Tests;
			productReference = 942100B42BE47D2C00717033 /* Chapter1Tests.xctest */;
			productType = "com.apple.product-type.bundle.unit-test";
		};
		942100BD2BE47D2C00717033 /* Chapter1UITests */ = {
			isa = PBXNativeTarget;
			buildConfigurationList = 942100CE2BE47D2C00717033 /* Build configuration list for PBXNativeTarget "Chapter1UITests" */;
			buildPhases = (
				942100BA2BE47D2C00717033 /* Sources */,
				942100BB2BE47D2C00717033 /* Frameworks */,
				942100BC2BE47D2C00717033 /* Resources */,
			);
			buildRules = (
			);
			dependencies = (
				942100C02BE47D2C00717033 /* PBXTargetDependency */,
			);
			name = Chapter1UITests;
			productName = Chapter1UITests;
			productReference = 942100BE2BE47D2C00717033 /* Chapter1UITests.xctest */;
			productType = "com.apple.product-type.bundle.ui-testing";
		};
/* End PBXNativeTarget section */

/* Begin PBXProject section */
		9421009C2BE47D2900717033 /* Project object */ = {
			isa = PBXProject;
			attributes = {
				BuildIndependentTargetsInParallel = 1;
				LastSwiftUpdateCheck = 1320;
				LastUpgradeCheck = 1320;
				TargetAttributes = {
					942100A32BE47D2900717033 = {
						CreatedOnToolsVersion = 13.2.1;
					};
					942100B32BE47D2C00717033 = {
						CreatedOnToolsVersion = 13.2.1;
						TestTargetID = 942100A32BE47D2900717033;
					};
					942100BD2BE47D2C00717033 = {
						CreatedOnToolsVersion = 13.2.1;
						TestTargetID = 942100A32BE47D2900717033;
					};
				};
			};
			buildConfigurationList = 9421009F2BE47D2900717033 /* Build configuration list for PBXProject "Chapter1" */;
			compatibilityVersion = "Xcode 13.0";
			developmentRegion = en;
			hasScannedForEncodings = 0;
			knownRegions = (
				en,
				Base,
			);
			mainGroup = 9421009B2BE47D2900717033;
			productRefGroup = 942100A52BE47D2900717033 /* Products */;
			projectDirPath = "";
			projectRoot = "";
			targets = (
				942100A32BE47D2900717033 /* Chapter1 */,
				942100B32BE47D2C00717033 /* Chapter1Tests */,
				942100BD2BE47D2C00717033 /* Chapter1UITests */,
			);
		};
/* End PBXProject section */

/* Begin PBXResourcesBuildPhase section */
		942100A22BE47D2900717033 /* Resources */ = {
			isa = PBXResourcesBuildPhase;
			buildActionMask = 2147483647;
			files = (
				942100AF2BE47D2B00717033 /* Preview Assets.xcassets in Resources */,
				942100AC2BE47D2B00717033 /* Assets.xcassets in Resources */,
			);
			runOnlyForDeploymentPostprocessing = 0;
		};
		942100B22BE47D2C00717033 /* Resources */ = {
			isa = PBXResourcesBuildPhase;
			buildActionMask = 2147483647;
			files = (
			);
			runOnlyForDeploymentPostprocessing = 0;
		};
		942100BC2BE47D2C00717033 /* Resources */ = {
			isa = PBXResourcesBuildPhase;
			buildActionMask = 2147483647;
			files = (
			);
			runOnlyForDeploymentPostprocessing = 0;
		};
/* End PBXResourcesBuildPhase section */

/* Begin PBXSourcesBuildPhase section */
		942100A02BE47D2900717033 /* Sources */ = {
			isa = PBXSourcesBuildPhase;
			buildActionMask = 2147483647;
			files = (
				942100AA2BE47D2A00717033 /* ImageListView.swift in Sources */,
				942100A82BE47D2900717033 /* Chapter1App.swift in Sources */,
				942100DD2BE48AA000717033 /* ModelData.swift in Sources */,
				942100D82BE4897D00717033 /* Wisata.swift in Sources */,
			);
			runOnlyForDeploymentPostprocessing = 0;
		};
		942100B02BE47D2C00717033 /* Sources */ = {
			isa = PBXSourcesBuildPhase;
			buildActionMask = 2147483647;
			files = (
				942100B92BE47D2C00717033 /* Chapter1Tests.swift in Sources */,
			);
			runOnlyForDeploymentPostprocessing = 0;
		};
		942100BA2BE47D2C00717033 /* Sources */ = {
			isa = PBXSourcesBuildPhase;
			buildActionMask = 2147483647;
			files = (
				942100C52BE47D2C00717033 /* Chapter1UITestsLaunchTests.swift in Sources */,
				942100C32BE47D2C00717033 /* Chapter1UITests.swift in Sources */,
			);
			runOnlyForDeploymentPostprocessing = 0;
		};
/* End PBXSourcesBuildPhase section */

/* Begin PBXTargetDependency section */
		942100B62BE47D2C00717033 /* PBXTargetDependency */ = {
			isa = PBXTargetDependency;
			target = 942100A32BE47D2900717033 /* Chapter1 */;
			targetProxy = 942100B52BE47D2C00717033 /* PBXContainerItemProxy */;
		};
		942100C02BE47D2C00717033 /* PBXTargetDependency */ = {
			isa = PBXTargetDependency;
			target = 942100A32BE47D2900717033 /* Chapter1 */;
			targetProxy = 942100BF2BE47D2C00717033 /* PBXContainerItemProxy */;
		};
/* End PBXTargetDependency section */

/* Begin XCBuildConfiguration section */
		942100C62BE47D2C00717033 /* Debug */ = {
			isa = XCBuildConfiguration;
			buildSettings = {
				ALWAYS_SEARCH_USER_PATHS = NO;
				CLANG_ANALYZER_NONNULL = YES;
				CLANG_ANALYZER_NUMBER_OBJECT_CONVERSION = YES_AGGRESSIVE;
				CLANG_CXX_LANGUAGE_STANDARD = "gnu++17";
				CLANG_CXX_LIBRARY = "libc++";
				CLANG_ENABLE_MODULES = YES;
				CLANG_ENABLE_OBJC_ARC = YES;
				CLANG_ENABLE_OBJC_WEAK = YES;
				CLANG_WARN_BLOCK_CAPTURE_AUTORELEASING = YES;
				CLANG_WARN_BOOL_CONVERSION = YES;
				CLANG_WARN_COMMA = YES;
				CLANG_WARN_CONSTANT_CONVERSION = YES;
				CLANG_WARN_DEPRECATED_OBJC_IMPLEMENTATIONS = YES;
				CLANG_WARN_DIRECT_OBJC_ISA_USAGE = YES_ERROR;
				CLANG_WARN_DOCUMENTATION_COMMENTS = YES;
				CLANG_WARN_EMPTY_BODY = YES;
				CLANG_WARN_ENUM_CONVERSION = YES;
				CLANG_WARN_INFINITE_RECURSION = YES;
				CLANG_WARN_INT_CONVERSION = YES;
				CLANG_WARN_NON_LITERAL_NULL_CONVERSION = YES;
				CLANG_WARN_OBJC_IMPLICIT_RETAIN_SELF = YES;
				CLANG_WARN_OBJC_LITERAL_CONVERSION = YES;
				CLANG_WARN_OBJC_ROOT_CLASS = YES_ERROR;
				CLANG_WARN_QUOTED_INCLUDE_IN_FRAMEWORK_HEADER = YES;
				CLANG_WARN_RANGE_LOOP_ANALYSIS = YES;
				CLANG_WARN_STRICT_PROTOTYPES = YES;
				CLANG_WARN_SUSPICIOUS_MOVE = YES;
				CLANG_WARN_UNGUARDED_AVAILABILITY = YES_AGGRESSIVE;
				CLANG_WARN_UNREACHABLE_CODE = YES;
				CLANG_WARN__DUPLICATE_METHOD_MATCH = YES;
				COPY_PHASE_STRIP = NO;
				DEBUG_INFORMATION_FORMAT = dwarf;
				ENABLE_STRICT_OBJC_MSGSEND = YES;
				ENABLE_TESTABILITY = YES;
				GCC_C_LANGUAGE_STANDARD = gnu11;
				GCC_DYNAMIC_NO_PIC = NO;
				GCC_NO_COMMON_BLOCKS = YES;
				GCC_OPTIMIZATION_LEVEL = 0;
				GCC_PREPROCESSOR_DEFINITIONS = (
					"DEBUG=1",
					"$(inherited)",
				);
				GCC_WARN_64_TO_32_BIT_CONVERSION = YES;
				GCC_WARN_ABOUT_RETURN_TYPE = YES_ERROR;
				GCC_WARN_UNDECLARED_SELECTOR = YES;
				GCC_WARN_UNINITIALIZED_AUTOS = YES_AGGRESSIVE;
				GCC_WARN_UNUSED_FUNCTION = YES;
				GCC_WARN_UNUSED_VARIABLE = YES;
				IPHONEOS_DEPLOYMENT_TARGET = 15.2;
				MTL_ENABLE_DEBUG_INFO = INCLUDE_SOURCE;
				MTL_FAST_MATH = YES;
				ONLY_ACTIVE_ARCH = YES;
				SDKROOT = iphoneos;
				SWIFT_ACTIVE_COMPILATION_CONDITIONS = DEBUG;
				SWIFT_OPTIMIZATION_LEVEL = "-Onone";
			};
			name = Debug;
		};
		942100C72BE47D2C00717033 /* Release */ = {
			isa = XCBuildConfiguration;
			buildSettings = {
				ALWAYS_SEARCH_USER_PATHS = NO;
				CLANG_ANALYZER_NONNULL = YES;
				CLANG_ANALYZER_NUMBER_OBJECT_CONVERSION = YES_AGGRESSIVE;
				CLANG_CXX_LANGUAGE_STANDARD = "gnu++17";
				CLANG_CXX_LIBRARY = "libc++";
				CLANG_ENABLE_MODULES = YES;
				CLANG_ENABLE_OBJC_ARC = YES;
				CLANG_ENABLE_OBJC_WEAK = YES;
				CLANG_WARN_BLOCK_CAPTURE_AUTORELEASING = YES;
				CLANG_WARN_BOOL_CONVERSION = YES;
				CLANG_WARN_COMMA = YES;
				CLANG_WARN_CONSTANT_CONVERSION = YES;
				CLANG_WARN_DEPRECATED_OBJC_IMPLEMENTATIONS = YES;
				CLANG_WARN_DIRECT_OBJC_ISA_USAGE = YES_ERROR;
				CLANG_WARN_DOCUMENTATION_COMMENTS = YES;
				CLANG_WARN_EMPTY_BODY = YES;
				CLANG_WARN_ENUM_CONVERSION = YES;
				CLANG_WARN_INFINITE_RECURSION = YES;
				CLANG_WARN_INT_CONVERSION = YES;
				CLANG_WARN_NON_LITERAL_NULL_CONVERSION = YES;
				CLANG_WARN_OBJC_IMPLICIT_RETAIN_SELF = YES;
				CLANG_WARN_OBJC_LITERAL_CONVERSION = YES;
				CLANG_WARN_OBJC_ROOT_CLASS = YES_ERROR;
				CLANG_WARN_QUOTED_INCLUDE_IN_FRAMEWORK_HEADER = YES;
				CLANG_WARN_RANGE_LOOP_ANALYSIS = YES;
				CLANG_WARN_STRICT_PROTOTYPES = YES;
				CLANG_WARN_SUSPICIOUS_MOVE = YES;
				CLANG_WARN_UNGUARDED_AVAILABILITY = YES_AGGRESSIVE;
				CLANG_WARN_UNREACHABLE_CODE = YES;
				CLANG_WARN__DUPLICATE_METHOD_MATCH = YES;
				COPY_PHASE_STRIP = NO;
				DEBUG_INFORMATION_FORMAT = "dwarf-with-dsym";
				ENABLE_NS_ASSERTIONS = NO;
				ENABLE_STRICT_OBJC_MSGSEND = YES;
				GCC_C_LANGUAGE_STANDARD = gnu11;
				GCC_NO_COMMON_BLOCKS = YES;
				GCC_WARN_64_TO_32_BIT_CONVERSION = YES;
				GCC_WARN_ABOUT_RETURN_TYPE = YES_ERROR;
				GCC_WARN_UNDECLARED_SELECTOR = YES;
				GCC_WARN_UNINITIALIZED_AUTOS = YES_AGGRESSIVE;
				GCC_WARN_UNUSED_FUNCTION = YES;
				GCC_WARN_UNUSED_VARIABLE = YES;
				IPHONEOS_DEPLOYMENT_TARGET = 15.2;
				MTL_ENABLE_DEBUG_INFO = NO;
				MTL_FAST_MATH = YES;
				SDKROOT = iphoneos;
				SWIFT_COMPILATION_MODE = wholemodule;
				SWIFT_OPTIMIZATION_LEVEL = "-O";
				VALIDATE_PRODUCT = YES;
			};
			name = Release;
		};
		942100C92BE47D2C00717033 /* Debug */ = {
			isa = XCBuildConfiguration;
			buildSettings = {
				ASSETCATALOG_COMPILER_APPICON_NAME = AppIcon;
				ASSETCATALOG_COMPILER_GLOBAL_ACCENT_COLOR_NAME = AccentColor;
				CODE_SIGN_STYLE = Automatic;
				CURRENT_PROJECT_VERSION = 1;
				DEVELOPMENT_ASSET_PATHS = "\"Chapter1/Preview Content\"";
				DEVELOPMENT_TEAM = 3Y9QK3H8CR;
				ENABLE_PREVIEWS = YES;
				GENERATE_INFOPLIST_FILE = YES;
				INFOPLIST_KEY_UIApplicationSceneManifest_Generation = YES;
				INFOPLIST_KEY_UIApplicationSupportsIndirectInputEvents = YES;
				INFOPLIST_KEY_UILaunchScreen_Generation = YES;
				INFOPLIST_KEY_UISupportedInterfaceOrientations_iPad = "UIInterfaceOrientationPortrait UIInterfaceOrientationPortraitUpsideDown UIInterfaceOrientationLandscapeLeft UIInterfaceOrientationLandscapeRight";
				INFOPLIST_KEY_UISupportedInterfaceOrientations_iPhone = "UIInterfaceOrientationPortrait UIInterfaceOrientationLandscapeLeft UIInterfaceOrientationLandscapeRight";
				LD_RUNPATH_SEARCH_PATHS = (
					"$(inherited)",
					"@executable_path/Frameworks",
				);
				MARKETING_VERSION = 1.0;
				PRODUCT_BUNDLE_IDENTIFIER = "-.Chapter1";
				PRODUCT_NAME = "$(TARGET_NAME)";
				SWIFT_EMIT_LOC_STRINGS = YES;
				SWIFT_VERSION = 5.0;
				TARGETED_DEVICE_FAMILY = "1,2";
			};
			name = Debug;
		};
		942100CA2BE47D2C00717033 /* Release */ = {
			isa = XCBuildConfiguration;
			buildSettings = {
				ASSETCATALOG_COMPILER_APPICON_NAME = AppIcon;
				ASSETCATALOG_COMPILER_GLOBAL_ACCENT_COLOR_NAME = AccentColor;
				CODE_SIGN_STYLE = Automatic;
				CURRENT_PROJECT_VERSION = 1;
				DEVELOPMENT_ASSET_PATHS = "\"Chapter1/Preview Content\"";
				DEVELOPMENT_TEAM = 3Y9QK3H8CR;
				ENABLE_PREVIEWS = YES;
				GENERATE_INFOPLIST_FILE = YES;
				INFOPLIST_KEY_UIApplicationSceneManifest_Generation = YES;
				INFOPLIST_KEY_UIApplicationSupportsIndirectInputEvents = YES;
				INFOPLIST_KEY_UILaunchScreen_Generation = YES;
				INFOPLIST_KEY_UISupportedInterfaceOrientations_iPad = "UIInterfaceOrientationPortrait UIInterfaceOrientationPortraitUpsideDown UIInterfaceOrientationLandscapeLeft UIInterfaceOrientationLandscapeRight";
				INFOPLIST_KEY_UISupportedInterfaceOrientations_iPhone = "UIInterfaceOrientationPortrait UIInterfaceOrientationLandscapeLeft UIInterfaceOrientationLandscapeRight";
				LD_RUNPATH_SEARCH_PATHS = (
					"$(inherited)",
					"@executable_path/Frameworks",
				);
				MARKETING_VERSION = 1.0;
				PRODUCT_BUNDLE_IDENTIFIER = "-.Chapter1";
				PRODUCT_NAME = "$(TARGET_NAME)";
				SWIFT_EMIT_LOC_STRINGS = YES;
				SWIFT_VERSION = 5.0;
				TARGETED_DEVICE_FAMILY = "1,2";
			};
			name = Release;
		};
		942100CC2BE47D2C00717033 /* Debug */ = {
			isa = XCBuildConfiguration;
			buildSettings = {
				ALWAYS_EMBED_SWIFT_STANDARD_LIBRARIES = YES;
				BUNDLE_LOADER = "$(TEST_HOST)";
				CODE_SIGN_STYLE = Automatic;
				CURRENT_PROJECT_VERSION = 1;
				DEVELOPMENT_TEAM = 3Y9QK3H8CR;
				GENERATE_INFOPLIST_FILE = YES;
				IPHONEOS_DEPLOYMENT_TARGET = 15.2;
				MARKETING_VERSION = 1.0;
				PRODUCT_BUNDLE_IDENTIFIER = "-.Chapter1Tests";
				PRODUCT_NAME = "$(TARGET_NAME)";
				SWIFT_EMIT_LOC_STRINGS = NO;
				SWIFT_VERSION = 5.0;
				TARGETED_DEVICE_FAMILY = "1,2";
				TEST_HOST = "$(BUILT_PRODUCTS_DIR)/Chapter1.app/Chapter1";
			};
			name = Debug;
		};
		942100CD2BE47D2C00717033 /* Release */ = {
			isa = XCBuildConfiguration;
			buildSettings = {
				ALWAYS_EMBED_SWIFT_STANDARD_LIBRARIES = YES;
				BUNDLE_LOADER = "$(TEST_HOST)";
				CODE_SIGN_STYLE = Automatic;
				CURRENT_PROJECT_VERSION = 1;
				DEVELOPMENT_TEAM = 3Y9QK3H8CR;
				GENERATE_INFOPLIST_FILE = YES;
				IPHONEOS_DEPLOYMENT_TARGET = 15.2;
				MARKETING_VERSION = 1.0;
				PRODUCT_BUNDLE_IDENTIFIER = "-.Chapter1Tests";
				PRODUCT_NAME = "$(TARGET_NAME)";
				SWIFT_EMIT_LOC_STRINGS = NO;
				SWIFT_VERSION = 5.0;
				TARGETED_DEVICE_FAMILY = "1,2";
				TEST_HOST = "$(BUILT_PRODUCTS_DIR)/Chapter1.app/Chapter1";
			};
			name = Release;
		};
		942100CF2BE47D2C00717033 /* Debug */ = {
			isa = XCBuildConfiguration;
			buildSettings = {
				ALWAYS_EMBED_SWIFT_STANDARD_LIBRARIES = YES;
				CODE_SIGN_STYLE = Automatic;
				CURRENT_PROJECT_VERSION = 1;
				DEVELOPMENT_TEAM = 3Y9QK3H8CR;
				GENERATE_INFOPLIST_FILE = YES;
				MARKETING_VERSION = 1.0;
				PRODUCT_BUNDLE_IDENTIFIER = "-.Chapter1UITests";
				PRODUCT_NAME = "$(TARGET_NAME)";
				SWIFT_EMIT_LOC_STRINGS = NO;
				SWIFT_VERSION = 5.0;
				TARGETED_DEVICE_FAMILY = "1,2";
				TEST_TARGET_NAME = Chapter1;
			};
			name = Debug;
		};
		942100D02BE47D2C00717033 /* Release */ = {
			isa = XCBuildConfiguration;
			buildSettings = {
				ALWAYS_EMBED_SWIFT_STANDARD_LIBRARIES = YES;
				CODE_SIGN_STYLE = Automatic;
				CURRENT_PROJECT_VERSION = 1;
				DEVELOPMENT_TEAM = 3Y9QK3H8CR;
				GENERATE_INFOPLIST_FILE = YES;
				MARKETING_VERSION = 1.0;
				PRODUCT_BUNDLE_IDENTIFIER = "-.Chapter1UITests";
				PRODUCT_NAME = "$(TARGET_NAME)";
				SWIFT_EMIT_LOC_STRINGS = NO;
				SWIFT_VERSION = 5.0;
				TARGETED_DEVICE_FAMILY = "1,2";
				TEST_TARGET_NAME = Chapter1;
			};
			name = Release;
		};
/* End XCBuildConfiguration section */

/* Begin XCConfigurationList section */
		9421009F2BE47D2900717033 /* Build configuration list for PBXProject "Chapter1" */ = {
			isa = XCConfigurationList;
			buildConfigurations = (
				942100C62BE47D2C00717033 /* Debug */,
				942100C72BE47D2C00717033 /* Release */,
			);
			defaultConfigurationIsVisible = 0;
			defaultConfigurationName = Release;
		};
		942100C82BE47D2C00717033 /* Build configuration list for PBXNativeTarget "Chapter1" */ = {
			isa = XCConfigurationList;
			buildConfigurations = (
				942100C92BE47D2C00717033 /* Debug */,
				942100CA2BE47D2C00717033 /* Release */,
			);
			defaultConfigurationIsVisible = 0;
			defaultConfigurationName = Release;
		};
		942100CB2BE47D2C00717033 /* Build configuration list for PBXNativeTarget "Chapter1Tests" */ = {
			isa = XCConfigurationList;
			buildConfigurations = (
				942100CC2BE47D2C00717033 /* Debug */,
				942100CD2BE47D2C00717033 /* Release */,
			);
			defaultConfigurationIsVisible = 0;
			defaultConfigurationName = Release;
		};
		942100CE2BE47D2C00717033 /* Build configuration list for PBXNativeTarget "Chapter1UITests" */ = {
			isa = XCConfigurationList;
			buildConfigurations = (
				942100CF2BE47D2C00717033 /* Debug */,
				942100D02BE47D2C00717033 /* Release */,
			);
			defaultConfigurationIsVisible = 0;
			defaultConfigurationName = Release;
		};
/* End XCConfigurationList section */
	};
	rootObject = 9421009C2BE47D2900717033 /* Project object */;
}
