// !$*UTF8*$!
{
	archiveVersion = 1;
	classes = {
	};
	objectVersion = 55;
	objects = {

/* Begin PBXBuildFile section */
		942101372BE4B82100717033 /* Chapter3App.swift in Sources */ = {isa = PBXBuildFile; fileRef = 942101362BE4B82100717033 /* Chapter3App.swift */; };
		942101392BE4B82100717033 /* ContentView.swift in Sources */ = {isa = PBXBuildFile; fileRef = 942101382BE4B82100717033 /* ContentView.swift */; };
		9421013B2BE4B82300717033 /* Assets.xcassets in Resources */ = {isa = PBXBuildFile; fileRef = 9421013A2BE4B82300717033 /* Assets.xcassets */; };
		9421013E2BE4B82300717033 /* Preview Assets.xcassets in Resources */ = {isa = PBXBuildFile; fileRef = 9421013D2BE4B82300717033 /* Preview Assets.xcassets */; };
		942101482BE4B82400717033 /* Chapter3Tests.swift in Sources */ = {isa = PBXBuildFile; fileRef = 942101472BE4B82400717033 /* Chapter3Tests.swift */; };
		942101522BE4B82400717033 /* Chapter3UITests.swift in Sources */ = {isa = PBXBuildFile; fileRef = 942101512BE4B82400717033 /* Chapter3UITests.swift */; };
		942101542BE4B82400717033 /* Chapter3UITestsLaunchTests.swift in Sources */ = {isa = PBXBuildFile; fileRef = 942101532BE4B82400717033 /* Chapter3UITestsLaunchTests.swift */; };
/* End PBXBuildFile section */

/* Begin PBXContainerItemProxy section */
		942101442BE4B82400717033 /* PBXContainerItemProxy */ = {
			isa = PBXContainerItemProxy;
			containerPortal = 9421012B2BE4B82100717033 /* Project object */;
			proxyType = 1;
			remoteGlobalIDString = 942101322BE4B82100717033;
			remoteInfo = Chapter3;
		};
		9421014E2BE4B82400717033 /* PBXContainerItemProxy */ = {
			isa = PBXContainerItemProxy;
			containerPortal = 9421012B2BE4B82100717033 /* Project object */;
			proxyType = 1;
			remoteGlobalIDString = 942101322BE4B82100717033;
			remoteInfo = Chapter3;
		};
/* End PBXContainerItemProxy section */

/* Begin PBXFileReference section */
		942101332BE4B82100717033 /* Chapter3.app */ = {isa = PBXFileReference; explicitFileType = wrapper.application; includeInIndex = 0; path = Chapter3.app; sourceTree = BUILT_PRODUCTS_DIR; };
		942101362BE4B82100717033 /* Chapter3App.swift */ = {isa = PBXFileReference; lastKnownFileType = sourcecode.swift; path = Chapter3App.swift; sourceTree = "<group>"; };
		942101382BE4B82100717033 /* ContentView.swift */ = {isa = PBXFileReference; lastKnownFileType = sourcecode.swift; path = ContentView.swift; sourceTree = "<group>"; };
		9421013A2BE4B82300717033 /* Assets.xcassets */ = {isa = PBXFileReference; lastKnownFileType = folder.assetcatalog; path = Assets.xcassets; sourceTree = "<group>"; };
		9421013D2BE4B82300717033 /* Preview Assets.xcassets */ = {isa = PBXFileReference; lastKnownFileType = folder.assetcatalog; path = "Preview Assets.xcassets"; sourceTree = "<group>"; };
		942101432BE4B82400717033 /* Chapter3Tests.xctest */ = {isa = PBXFileReference; explicitFileType = wrapper.cfbundle; includeInIndex = 0; path = Chapter3Tests.xctest; sourceTree = BUILT_PRODUCTS_DIR; };
		942101472BE4B82400717033 /* Chapter3Tests.swift */ = {isa = PBXFileReference; lastKnownFileType = sourcecode.swift; path = Chapter3Tests.swift; sourceTree = "<group>"; };
		9421014D2BE4B82400717033 /* Chapter3UITests.xctest */ = {isa = PBXFileReference; explicitFileType = wrapper.cfbundle; includeInIndex = 0; path = Chapter3UITests.xctest; sourceTree = BUILT_PRODUCTS_DIR; };
		942101512BE4B82400717033 /* Chapter3UITests.swift */ = {isa = PBXFileReference; lastKnownFileType = sourcecode.swift; path = Chapter3UITests.swift; sourceTree = "<group>"; };
		942101532BE4B82400717033 /* Chapter3UITestsLaunchTests.swift */ = {isa = PBXFileReference; lastKnownFileType = sourcecode.swift; path = Chapter3UITestsLaunchTests.swift; sourceTree = "<group>"; };
/* End PBXFileReference section */

/* Begin PBXFrameworksBuildPhase section */
		942101302BE4B82100717033 /* Frameworks */ = {
			isa = PBXFrameworksBuildPhase;
			buildActionMask = 2147483647;
			files = (
			);
			runOnlyForDeploymentPostprocessing = 0;
		};
		942101402BE4B82400717033 /* Frameworks */ = {
			isa = PBXFrameworksBuildPhase;
			buildActionMask = 2147483647;
			files = (
			);
			runOnlyForDeploymentPostprocessing = 0;
		};
		9421014A2BE4B82400717033 /* Frameworks */ = {
			isa = PBXFrameworksBuildPhase;
			buildActionMask = 2147483647;
			files = (
			);
			runOnlyForDeploymentPostprocessing = 0;
		};
/* End PBXFrameworksBuildPhase section */

/* Begin PBXGroup section */
		9421012A2BE4B82100717033 = {
			isa = PBXGroup;
			children = (
				942101352BE4B82100717033 /* Chapter3 */,
				942101462BE4B82400717033 /* Chapter3Tests */,
				942101502BE4B82400717033 /* Chapter3UITests */,
				942101342BE4B82100717033 /* Products */,
			);
			sourceTree = "<group>";
		};
		942101342BE4B82100717033 /* Products */ = {
			isa = PBXGroup;
			children = (
				942101332BE4B82100717033 /* Chapter3.app */,
				942101432BE4B82400717033 /* Chapter3Tests.xctest */,
				9421014D2BE4B82400717033 /* Chapter3UITests.xctest */,
			);
			name = Products;
			sourceTree = "<group>";
		};
		942101352BE4B82100717033 /* Chapter3 */ = {
			isa = PBXGroup;
			children = (
				942101362BE4B82100717033 /* Chapter3App.swift */,
				942101382BE4B82100717033 /* ContentView.swift */,
				9421013A2BE4B82300717033 /* Assets.xcassets */,
				9421013C2BE4B82300717033 /* Preview Content */,
			);
			path = Chapter3;
			sourceTree = "<group>";
		};
		9421013C2BE4B82300717033 /* Preview Content */ = {
			isa = PBXGroup;
			children = (
				9421013D2BE4B82300717033 /* Preview Assets.xcassets */,
			);
			path = "Preview Content";
			sourceTree = "<group>";
		};
		942101462BE4B82400717033 /* Chapter3Tests */ = {
			isa = PBXGroup;
			children = (
				942101472BE4B82400717033 /* Chapter3Tests.swift */,
			);
			path = Chapter3Tests;
			sourceTree = "<group>";
		};
		942101502BE4B82400717033 /* Chapter3UITests */ = {
			isa = PBXGroup;
			children = (
				942101512BE4B82400717033 /* Chapter3UITests.swift */,
				942101532BE4B82400717033 /* Chapter3UITestsLaunchTests.swift */,
			);
			path = Chapter3UITests;
			sourceTree = "<group>";
		};
/* End PBXGroup section */

/* Begin PBXNativeTarget section */
		942101322BE4B82100717033 /* Chapter3 */ = {
			isa = PBXNativeTarget;
			buildConfigurationList = 942101572BE4B82400717033 /* Build configuration list for PBXNativeTarget "Chapter3" */;
			buildPhases = (
				9421012F2BE4B82100717033 /* Sources */,
				942101302BE4B82100717033 /* Frameworks */,
				942101312BE4B82100717033 /* Resources */,
			);
			buildRules = (
			);
			dependencies = (
			);
			name = Chapter3;
			productName = Chapter3;
			productReference = 942101332BE4B82100717033 /* Chapter3.app */;
			productType = "com.apple.product-type.application";
		};
		942101422BE4B82400717033 /* Chapter3Tests */ = {
			isa = PBXNativeTarget;
			buildConfigurationList = 9421015A2BE4B82400717033 /* Build configuration list for PBXNativeTarget "Chapter3Tests" */;
			buildPhases = (
				9421013F2BE4B82400717033 /* Sources */,
				942101402BE4B82400717033 /* Frameworks */,
				942101412BE4B82400717033 /* Resources */,
			);
			buildRules = (
			);
			dependencies = (
				942101452BE4B82400717033 /* PBXTargetDependency */,
			);
			name = Chapter3Tests;
			productName = Chapter3Tests;
			productReference = 942101432BE4B82400717033 /* Chapter3Tests.xctest */;
			productType = "com.apple.product-type.bundle.unit-test";
		};
		9421014C2BE4B82400717033 /* Chapter3UITests */ = {
			isa = PBXNativeTarget;
			buildConfigurationList = 9421015D2BE4B82400717033 /* Build configuration list for PBXNativeTarget "Chapter3UITests" */;
			buildPhases = (
				942101492BE4B82400717033 /* Sources */,
				9421014A2BE4B82400717033 /* Frameworks */,
				9421014B2BE4B82400717033 /* Resources */,
			);
			buildRules = (
			);
			dependencies = (
				9421014F2BE4B82400717033 /* PBXTargetDependency */,
			);
			name = Chapter3UITests;
			productName = Chapter3UITests;
			productReference = 9421014D2BE4B82400717033 /* Chapter3UITests.xctest */;
			productType = "com.apple.product-type.bundle.ui-testing";
		};
/* End PBXNativeTarget section */

/* Begin PBXProject section */
		9421012B2BE4B82100717033 /* Project object */ = {
			isa = PBXProject;
			attributes = {
				BuildIndependentTargetsInParallel = 1;
				LastSwiftUpdateCheck = 1320;
				LastUpgradeCheck = 1320;
				TargetAttributes = {
					942101322BE4B82100717033 = {
						CreatedOnToolsVersion = 13.2.1;
					};
					942101422BE4B82400717033 = {
						CreatedOnToolsVersion = 13.2.1;
						TestTargetID = 942101322BE4B82100717033;
					};
					9421014C2BE4B82400717033 = {
						CreatedOnToolsVersion = 13.2.1;
						TestTargetID = 942101322BE4B82100717033;
					};
				};
			};
			buildConfigurationList = 9421012E2BE4B82100717033 /* Build configuration list for PBXProject "Chapter3" */;
			compatibilityVersion = "Xcode 13.0";
			developmentRegion = en;
			hasScannedForEncodings = 0;
			knownRegions = (
				en,
				Base,
			);
			mainGroup = 9421012A2BE4B82100717033;
			productRefGroup = 942101342BE4B82100717033 /* Products */;
			projectDirPath = "";
			projectRoot = "";
			targets = (
				942101322BE4B82100717033 /* Chapter3 */,
				942101422BE4B82400717033 /* Chapter3Tests */,
				9421014C2BE4B82400717033 /* Chapter3UITests */,
			);
		};
/* End PBXProject section */

/* Begin PBXResourcesBuildPhase section */
		942101312BE4B82100717033 /* Resources */ = {
			isa = PBXResourcesBuildPhase;
			buildActionMask = 2147483647;
			files = (
				9421013E2BE4B82300717033 /* Preview Assets.xcassets in Resources */,
				9421013B2BE4B82300717033 /* Assets.xcassets in Resources */,
			);
			runOnlyForDeploymentPostprocessing = 0;
		};
		942101412BE4B82400717033 /* Resources */ = {
			isa = PBXResourcesBuildPhase;
			buildActionMask = 2147483647;
			files = (
			);
			runOnlyForDeploymentPostprocessing = 0;
		};
		9421014B2BE4B82400717033 /* Resources */ = {
			isa = PBXResourcesBuildPhase;
			buildActionMask = 2147483647;
			files = (
			);
			runOnlyForDeploymentPostprocessing = 0;
		};
/* End PBXResourcesBuildPhase section */

/* Begin PBXSourcesBuildPhase section */
		9421012F2BE4B82100717033 /* Sources */ = {
			isa = PBXSourcesBuildPhase;
			buildActionMask = 2147483647;
			files = (
				942101392BE4B82100717033 /* ContentView.swift in Sources */,
				942101372BE4B82100717033 /* Chapter3App.swift in Sources */,
			);
			runOnlyForDeploymentPostprocessing = 0;
		};
		9421013F2BE4B82400717033 /* Sources */ = {
			isa = PBXSourcesBuildPhase;
			buildActionMask = 2147483647;
			files = (
				942101482BE4B82400717033 /* Chapter3Tests.swift in Sources */,
			);
			runOnlyForDeploymentPostprocessing = 0;
		};
		942101492BE4B82400717033 /* Sources */ = {
			isa = PBXSourcesBuildPhase;
			buildActionMask = 2147483647;
			files = (
				942101542BE4B82400717033 /* Chapter3UITestsLaunchTests.swift in Sources */,
				942101522BE4B82400717033 /* Chapter3UITests.swift in Sources */,
			);
			runOnlyForDeploymentPostprocessing = 0;
		};
/* End PBXSourcesBuildPhase section */

/* Begin PBXTargetDependency section */
		942101452BE4B82400717033 /* PBXTargetDependency */ = {
			isa = PBXTargetDependency;
			target = 942101322BE4B82100717033 /* Chapter3 */;
			targetProxy = 942101442BE4B82400717033 /* PBXContainerItemProxy */;
		};
		9421014F2BE4B82400717033 /* PBXTargetDependency */ = {
			isa = PBXTargetDependency;
			target = 942101322BE4B82100717033 /* Chapter3 */;
			targetProxy = 9421014E2BE4B82400717033 /* PBXContainerItemProxy */;
		};
/* End PBXTargetDependency section */

/* Begin XCBuildConfiguration section */
		942101552BE4B82400717033 /* Debug */ = {
			isa = XCBuildConfiguration;
			buildSettings = {
				ALWAYS_SEARCH_USER_PATHS = NO;
				CLANG_ANALYZER_NONNULL = YES;
				CLANG_ANALYZER_NUMBER_OBJECT_CONVERSION = YES_AGGRESSIVE;
				CLANG_CXX_LANGUAGE_STANDARD = "gnu++17";
				CLANG_CXX_LIBRARY = "libc++";
				CLANG_ENABLE_MODULES = YES;
				CLANG_ENABLE_OBJC_ARC = YES;
				CLANG_ENABLE_OBJC_WEAK = YES;
				CLANG_WARN_BLOCK_CAPTURE_AUTORELEASING = YES;
				CLANG_WARN_BOOL_CONVERSION = YES;
				CLANG_WARN_COMMA = YES;
				CLANG_WARN_CONSTANT_CONVERSION = YES;
				CLANG_WARN_DEPRECATED_OBJC_IMPLEMENTATIONS = YES;
				CLANG_WARN_DIRECT_OBJC_ISA_USAGE = YES_ERROR;
				CLANG_WARN_DOCUMENTATION_COMMENTS = YES;
				CLANG_WARN_EMPTY_BODY = YES;
				CLANG_WARN_ENUM_CONVERSION = YES;
				CLANG_WARN_INFINITE_RECURSION = YES;
				CLANG_WARN_INT_CONVERSION = YES;
				CLANG_WARN_NON_LITERAL_NULL_CONVERSION = YES;
				CLANG_WARN_OBJC_IMPLICIT_RETAIN_SELF = YES;
				CLANG_WARN_OBJC_LITERAL_CONVERSION = YES;
				CLANG_WARN_OBJC_ROOT_CLASS = YES_ERROR;
				CLANG_WARN_QUOTED_INCLUDE_IN_FRAMEWORK_HEADER = YES;
				CLANG_WARN_RANGE_LOOP_ANALYSIS = YES;
				CLANG_WARN_STRICT_PROTOTYPES = YES;
				CLANG_WARN_SUSPICIOUS_MOVE = YES;
				CLANG_WARN_UNGUARDED_AVAILABILITY = YES_AGGRESSIVE;
				CLANG_WARN_UNREACHABLE_CODE = YES;
				CLANG_WARN__DUPLICATE_METHOD_MATCH = YES;
				COPY_PHASE_STRIP = NO;
				DEBUG_INFORMATION_FORMAT = dwarf;
				ENABLE_STRICT_OBJC_MSGSEND = YES;
				ENABLE_TESTABILITY = YES;
				GCC_C_LANGUAGE_STANDARD = gnu11;
				GCC_DYNAMIC_NO_PIC = NO;
				GCC_NO_COMMON_BLOCKS = YES;
				GCC_OPTIMIZATION_LEVEL = 0;
				GCC_PREPROCESSOR_DEFINITIONS = (
					"DEBUG=1",
					"$(inherited)",
				);
				GCC_WARN_64_TO_32_BIT_CONVERSION = YES;
				GCC_WARN_ABOUT_RETURN_TYPE = YES_ERROR;
				GCC_WARN_UNDECLARED_SELECTOR = YES;
				GCC_WARN_UNINITIALIZED_AUTOS = YES_AGGRESSIVE;
				GCC_WARN_UNUSED_FUNCTION = YES;
				GCC_WARN_UNUSED_VARIABLE = YES;
				IPHONEOS_DEPLOYMENT_TARGET = 15.2;
				MTL_ENABLE_DEBUG_INFO = INCLUDE_SOURCE;
				MTL_FAST_MATH = YES;
				ONLY_ACTIVE_ARCH = YES;
				SDKROOT = iphoneos;
				SWIFT_ACTIVE_COMPILATION_CONDITIONS = DEBUG;
				SWIFT_OPTIMIZATION_LEVEL = "-Onone";
			};
			name = Debug;
		};
		942101562BE4B82400717033 /* Release */ = {
			isa = XCBuildConfiguration;
			buildSettings = {
				ALWAYS_SEARCH_USER_PATHS = NO;
				CLANG_ANALYZER_NONNULL = YES;
				CLANG_ANALYZER_NUMBER_OBJECT_CONVERSION = YES_AGGRESSIVE;
				CLANG_CXX_LANGUAGE_STANDARD = "gnu++17";
				CLANG_CXX_LIBRARY = "libc++";
				CLANG_ENABLE_MODULES = YES;
				CLANG_ENABLE_OBJC_ARC = YES;
				CLANG_ENABLE_OBJC_WEAK = YES;
				CLANG_WARN_BLOCK_CAPTURE_AUTORELEASING = YES;
				CLANG_WARN_BOOL_CONVERSION = YES;
				CLANG_WARN_COMMA = YES;
				CLANG_WARN_CONSTANT_CONVERSION = YES;
				CLANG_WARN_DEPRECATED_OBJC_IMPLEMENTATIONS = YES;
				CLANG_WARN_DIRECT_OBJC_ISA_USAGE = YES_ERROR;
				CLANG_WARN_DOCUMENTATION_COMMENTS = YES;
				CLANG_WARN_EMPTY_BODY = YES;
				CLANG_WARN_ENUM_CONVERSION = YES;
				CLANG_WARN_INFINITE_RECURSION = YES;
				CLANG_WARN_INT_CONVERSION = YES;
				CLANG_WARN_NON_LITERAL_NULL_CONVERSION = YES;
				CLANG_WARN_OBJC_IMPLICIT_RETAIN_SELF = YES;
				CLANG_WARN_OBJC_LITERAL_CONVERSION = YES;
				CLANG_WARN_OBJC_ROOT_CLASS = YES_ERROR;
				CLANG_WARN_QUOTED_INCLUDE_IN_FRAMEWORK_HEADER = YES;
				CLANG_WARN_RANGE_LOOP_ANALYSIS = YES;
				CLANG_WARN_STRICT_PROTOTYPES = YES;
				CLANG_WARN_SUSPICIOUS_MOVE = YES;
				CLANG_WARN_UNGUARDED_AVAILABILITY = YES_AGGRESSIVE;
				CLANG_WARN_UNREACHABLE_CODE = YES;
				CLANG_WARN__DUPLICATE_METHOD_MATCH = YES;
				COPY_PHASE_STRIP = NO;
				DEBUG_INFORMATION_FORMAT = "dwarf-with-dsym";
				ENABLE_NS_ASSERTIONS = NO;
				ENABLE_STRICT_OBJC_MSGSEND = YES;
				GCC_C_LANGUAGE_STANDARD = gnu11;
				GCC_NO_COMMON_BLOCKS = YES;
				GCC_WARN_64_TO_32_BIT_CONVERSION = YES;
				GCC_WARN_ABOUT_RETURN_TYPE = YES_ERROR;
				GCC_WARN_UNDECLARED_SELECTOR = YES;
				GCC_WARN_UNINITIALIZED_AUTOS = YES_AGGRESSIVE;
				GCC_WARN_UNUSED_FUNCTION = YES;
				GCC_WARN_UNUSED_VARIABLE = YES;
				IPHONEOS_DEPLOYMENT_TARGET = 15.2;
				MTL_ENABLE_DEBUG_INFO = NO;
				MTL_FAST_MATH = YES;
				SDKROOT = iphoneos;
				SWIFT_COMPILATION_MODE = wholemodule;
				SWIFT_OPTIMIZATION_LEVEL = "-O";
				VALIDATE_PRODUCT = YES;
			};
			name = Release;
		};
		942101582BE4B82400717033 /* Debug */ = {
			isa = XCBuildConfiguration;
			buildSettings = {
				ASSETCATALOG_COMPILER_APPICON_NAME = AppIcon;
				ASSETCATALOG_COMPILER_GLOBAL_ACCENT_COLOR_NAME = AccentColor;
				CODE_SIGN_STYLE = Automatic;
				CURRENT_PROJECT_VERSION = 1;
				DEVELOPMENT_ASSET_PATHS = "\"Chapter3/Preview Content\"";
				DEVELOPMENT_TEAM = 3Y9QK3H8CR;
				ENABLE_PREVIEWS = YES;
				GENERATE_INFOPLIST_FILE = YES;
				INFOPLIST_KEY_UIApplicationSceneManifest_Generation = YES;
				INFOPLIST_KEY_UIApplicationSupportsIndirectInputEvents = YES;
				INFOPLIST_KEY_UILaunchScreen_Generation = YES;
				INFOPLIST_KEY_UISupportedInterfaceOrientations_iPad = "UIInterfaceOrientationPortrait UIInterfaceOrientationPortraitUpsideDown UIInterfaceOrientationLandscapeLeft UIInterfaceOrientationLandscapeRight";
				INFOPLIST_KEY_UISupportedInterfaceOrientations_iPhone = "UIInterfaceOrientationPortrait UIInterfaceOrientationLandscapeLeft UIInterfaceOrientationLandscapeRight";
				LD_RUNPATH_SEARCH_PATHS = (
					"$(inherited)",
					"@executable_path/Frameworks",
				);
				MARKETING_VERSION = 1.0;
				PRODUCT_BUNDLE_IDENTIFIER = "-.Chapter3";
				PRODUCT_NAME = "$(TARGET_NAME)";
				SWIFT_EMIT_LOC_STRINGS = YES;
				SWIFT_VERSION = 5.0;
				TARGETED_DEVICE_FAMILY = "1,2";
			};
			name = Debug;
		};
		942101592BE4B82400717033 /* Release */ = {
			isa = XCBuildConfiguration;
			buildSettings = {
				ASSETCATALOG_COMPILER_APPICON_NAME = AppIcon;
				ASSETCATALOG_COMPILER_GLOBAL_ACCENT_COLOR_NAME = AccentColor;
				CODE_SIGN_STYLE = Automatic;
				CURRENT_PROJECT_VERSION = 1;
				DEVELOPMENT_ASSET_PATHS = "\"Chapter3/Preview Content\"";
				DEVELOPMENT_TEAM = 3Y9QK3H8CR;
				ENABLE_PREVIEWS = YES;
				GENERATE_INFOPLIST_FILE = YES;
				INFOPLIST_KEY_UIApplicationSceneManifest_Generation = YES;
				INFOPLIST_KEY_UIApplicationSupportsIndirectInputEvents = YES;
				INFOPLIST_KEY_UILaunchScreen_Generation = YES;
				INFOPLIST_KEY_UISupportedInterfaceOrientations_iPad = "UIInterfaceOrientationPortrait UIInterfaceOrientationPortraitUpsideDown UIInterfaceOrientationLandscapeLeft UIInterfaceOrientationLandscapeRight";
				INFOPLIST_KEY_UISupportedInterfaceOrientations_iPhone = "UIInterfaceOrientationPortrait UIInterfaceOrientationLandscapeLeft UIInterfaceOrientationLandscapeRight";
				LD_RUNPATH_SEARCH_PATHS = (
					"$(inherited)",
					"@executable_path/Frameworks",
				);
				MARKETING_VERSION = 1.0;
				PRODUCT_BUNDLE_IDENTIFIER = "-.Chapter3";
				PRODUCT_NAME = "$(TARGET_NAME)";
				SWIFT_EMIT_LOC_STRINGS = YES;
				SWIFT_VERSION = 5.0;
				TARGETED_DEVICE_FAMILY = "1,2";
			};
			name = Release;
		};
		9421015B2BE4B82400717033 /* Debug */ = {
			isa = XCBuildConfiguration;
			buildSettings = {
				ALWAYS_EMBED_SWIFT_STANDARD_LIBRARIES = YES;
				BUNDLE_LOADER = "$(TEST_HOST)";
				CODE_SIGN_STYLE = Automatic;
				CURRENT_PROJECT_VERSION = 1;
				DEVELOPMENT_TEAM = 3Y9QK3H8CR;
				GENERATE_INFOPLIST_FILE = YES;
				IPHONEOS_DEPLOYMENT_TARGET = 15.2;
				MARKETING_VERSION = 1.0;
				PRODUCT_BUNDLE_IDENTIFIER = "-.Chapter3Tests";
				PRODUCT_NAME = "$(TARGET_NAME)";
				SWIFT_EMIT_LOC_STRINGS = NO;
				SWIFT_VERSION = 5.0;
				TARGETED_DEVICE_FAMILY = "1,2";
				TEST_HOST = "$(BUILT_PRODUCTS_DIR)/Chapter3.app/Chapter3";
			};
			name = Debug;
		};
		9421015C2BE4B82400717033 /* Release */ = {
			isa = XCBuildConfiguration;
			buildSettings = {
				ALWAYS_EMBED_SWIFT_STANDARD_LIBRARIES = YES;
				BUNDLE_LOADER = "$(TEST_HOST)";
				CODE_SIGN_STYLE = Automatic;
				CURRENT_PROJECT_VERSION = 1;
				DEVELOPMENT_TEAM = 3Y9QK3H8CR;
				GENERATE_INFOPLIST_FILE = YES;
				IPHONEOS_DEPLOYMENT_TARGET = 15.2;
				MARKETING_VERSION = 1.0;
				PRODUCT_BUNDLE_IDENTIFIER = "-.Chapter3Tests";
				PRODUCT_NAME = "$(TARGET_NAME)";
				SWIFT_EMIT_LOC_STRINGS = NO;
				SWIFT_VERSION = 5.0;
				TARGETED_DEVICE_FAMILY = "1,2";
				TEST_HOST = "$(BUILT_PRODUCTS_DIR)/Chapter3.app/Chapter3";
			};
			name = Release;
		};
		9421015E2BE4B82400717033 /* Debug */ = {
			isa = XCBuildConfiguration;
			buildSettings = {
				ALWAYS_EMBED_SWIFT_STANDARD_LIBRARIES = YES;
				CODE_SIGN_STYLE = Automatic;
				CURRENT_PROJECT_VERSION = 1;
				DEVELOPMENT_TEAM = 3Y9QK3H8CR;
				GENERATE_INFOPLIST_FILE = YES;
				MARKETING_VERSION = 1.0;
				PRODUCT_BUNDLE_IDENTIFIER = "-.Chapter3UITests";
				PRODUCT_NAME = "$(TARGET_NAME)";
				SWIFT_EMIT_LOC_STRINGS = NO;
				SWIFT_VERSION = 5.0;
				TARGETED_DEVICE_FAMILY = "1,2";
				TEST_TARGET_NAME = Chapter3;
			};
			name = Debug;
		};
		9421015F2BE4B82400717033 /* Release */ = {
			isa = XCBuildConfiguration;
			buildSettings = {
				ALWAYS_EMBED_SWIFT_STANDARD_LIBRARIES = YES;
				CODE_SIGN_STYLE = Automatic;
				CURRENT_PROJECT_VERSION = 1;
				DEVELOPMENT_TEAM = 3Y9QK3H8CR;
				GENERATE_INFOPLIST_FILE = YES;
				MARKETING_VERSION = 1.0;
				PRODUCT_BUNDLE_IDENTIFIER = "-.Chapter3UITests";
				PRODUCT_NAME = "$(TARGET_NAME)";
				SWIFT_EMIT_LOC_STRINGS = NO;
				SWIFT_VERSION = 5.0;
				TARGETED_DEVICE_FAMILY = "1,2";
				TEST_TARGET_NAME = Chapter3;
			};
			name = Release;
		};
/* End XCBuildConfiguration section */

/* Begin XCConfigurationList section */
		9421012E2BE4B82100717033 /* Build configuration list for PBXProject "Chapter3" */ = {
			isa = XCConfigurationList;
			buildConfigurations = (
				942101552BE4B82400717033 /* Debug */,
				942101562BE4B82400717033 /* Release */,
			);
			defaultConfigurationIsVisible = 0;
			defaultConfigurationName = Release;
		};
		942101572BE4B82400717033 /* Build configuration list for PBXNativeTarget "Chapter3" */ = {
			isa = XCConfigurationList;
			buildConfigurations = (
				942101582BE4B82400717033 /* Debug */,
				942101592BE4B82400717033 /* Release */,
			);
			defaultConfigurationIsVisible = 0;
			defaultConfigurationName = Release;
		};
		9421015A2BE4B82400717033 /* Build configuration list for PBXNativeTarget "Chapter3Tests" */ = {
			isa = XCConfigurationList;
			buildConfigurations = (
				9421015B2BE4B82400717033 /* Debug */,
				9421015C2BE4B82400717033 /* Release */,
			);
			defaultConfigurationIsVisible = 0;
			defaultConfigurationName = Release;
		};
		9421015D2BE4B82400717033 /* Build configuration list for PBXNativeTarget "Chapter3UITests" */ = {
			isa = XCConfigurationList;
			buildConfigurations = (
				9421015E2BE4B82400717033 /* Debug */,
				9421015F2BE4B82400717033 /* Release */,
			);
			defaultConfigurationIsVisible = 0;
			defaultConfigurationName = Release;
		};
/* End XCConfigurationList section */
	};
	rootObject = 9421012B2BE4B82100717033 /* Project object */;
}
