// !$*UTF8*$!
{
	archiveVersion = 1;
	classes = {
	};
	objectVersion = 55;
	objects = {

/* Begin PBXBuildFile section */
		9421021B2BE4D87400717033 /* Chapter4_3App.swift in Sources */ = {isa = PBXBuildFile; fileRef = 9421021A2BE4D87400717033 /* Chapter4_3App.swift */; };
		9421021D2BE4D87400717033 /* SlideshowView.swift in Sources */ = {isa = PBXBuildFile; fileRef = 9421021C2BE4D87400717033 /* SlideshowView.swift */; };
		9421021F2BE4D87600717033 /* Assets.xcassets in Resources */ = {isa = PBXBuildFile; fileRef = 9421021E2BE4D87600717033 /* Assets.xcassets */; };
		942102222BE4D87600717033 /* Preview Assets.xcassets in Resources */ = {isa = PBXBuildFile; fileRef = 942102212BE4D87600717033 /* Preview Assets.xcassets */; };
		9421022D2BE4D87600717033 /* Chapter4_3Tests.swift in Sources */ = {isa = PBXBuildFile; fileRef = 9421022C2BE4D87600717033 /* Chapter4_3Tests.swift */; };
		942102372BE4D87600717033 /* Chapter4_3UITests.swift in Sources */ = {isa = PBXBuildFile; fileRef = 942102362BE4D87600717033 /* Chapter4_3UITests.swift */; };
		942102392BE4D87600717033 /* Chapter4_3UITestsLaunchTests.swift in Sources */ = {isa = PBXBuildFile; fileRef = 942102382BE4D87600717033 /* Chapter4_3UITestsLaunchTests.swift */; };
		942102492BE4DEB300717033 /* bromo.jpeg in Resources */ = {isa = PBXBuildFile; fileRef = 942102452BE4DEB300717033 /* bromo.jpeg */; };
		9421024A2BE4DEB300717033 /* bromo3.jpg in Resources */ = {isa = PBXBuildFile; fileRef = 942102462BE4DEB300717033 /* bromo3.jpg */; };
		9421024B2BE4DEB300717033 /* bromo2.jpg in Resources */ = {isa = PBXBuildFile; fileRef = 942102472BE4DEB300717033 /* bromo2.jpg */; };
		9421024C2BE4DEB300717033 /* bromo1.jpg in Resources */ = {isa = PBXBuildFile; fileRef = 942102482BE4DEB300717033 /* bromo1.jpg */; };
/* End PBXBuildFile section */

/* Begin PBXContainerItemProxy section */
		942102292BE4D87600717033 /* PBXContainerItemProxy */ = {
			isa = PBXContainerItemProxy;
			containerPortal = 9421020F2BE4D87400717033 /* Project object */;
			proxyType = 1;
			remoteGlobalIDString = 942102162BE4D87400717033;
			remoteInfo = "Chapter4-3";
		};
		942102332BE4D87600717033 /* PBXContainerItemProxy */ = {
			isa = PBXContainerItemProxy;
			containerPortal = 9421020F2BE4D87400717033 /* Project object */;
			proxyType = 1;
			remoteGlobalIDString = 942102162BE4D87400717033;
			remoteInfo = "Chapter4-3";
		};
/* End PBXContainerItemProxy section */

/* Begin PBXFileReference section */
		942102172BE4D87400717033 /* Chapter4-3.app */ = {isa = PBXFileReference; explicitFileType = wrapper.application; includeInIndex = 0; path = "Chapter4-3.app"; sourceTree = BUILT_PRODUCTS_DIR; };
		9421021A2BE4D87400717033 /* Chapter4_3App.swift */ = {isa = PBXFileReference; lastKnownFileType = sourcecode.swift; path = Chapter4_3App.swift; sourceTree = "<group>"; };
		9421021C2BE4D87400717033 /* SlideshowView.swift */ = {isa = PBXFileReference; lastKnownFileType = sourcecode.swift; path = SlideshowView.swift; sourceTree = "<group>"; };
		9421021E2BE4D87600717033 /* Assets.xcassets */ = {isa = PBXFileReference; lastKnownFileType = folder.assetcatalog; path = Assets.xcassets; sourceTree = "<group>"; };
		942102212BE4D87600717033 /* Preview Assets.xcassets */ = {isa = PBXFileReference; lastKnownFileType = folder.assetcatalog; path = "Preview Assets.xcassets"; sourceTree = "<group>"; };
		942102232BE4D87600717033 /* Chapter4_3.entitlements */ = {isa = PBXFileReference; lastKnownFileType = text.plist.entitlements; path = Chapter4_3.entitlements; sourceTree = "<group>"; };
		942102282BE4D87600717033 /* Chapter4-3Tests.xctest */ = {isa = PBXFileReference; explicitFileType = wrapper.cfbundle; includeInIndex = 0; path = "Chapter4-3Tests.xctest"; sourceTree = BUILT_PRODUCTS_DIR; };
		9421022C2BE4D87600717033 /* Chapter4_3Tests.swift */ = {isa = PBXFileReference; lastKnownFileType = sourcecode.swift; path = Chapter4_3Tests.swift; sourceTree = "<group>"; };
		942102322BE4D87600717033 /* Chapter4-3UITests.xctest */ = {isa = PBXFileReference; explicitFileType = wrapper.cfbundle; includeInIndex = 0; path = "Chapter4-3UITests.xctest"; sourceTree = BUILT_PRODUCTS_DIR; };
		942102362BE4D87600717033 /* Chapter4_3UITests.swift */ = {isa = PBXFileReference; lastKnownFileType = sourcecode.swift; path = Chapter4_3UITests.swift; sourceTree = "<group>"; };
		942102382BE4D87600717033 /* Chapter4_3UITestsLaunchTests.swift */ = {isa = PBXFileReference; lastKnownFileType = sourcecode.swift; path = Chapter4_3UITestsLaunchTests.swift; sourceTree = "<group>"; };
		942102452BE4DEB300717033 /* bromo.jpeg */ = {isa = PBXFileReference; lastKnownFileType = image.jpeg; name = bromo.jpeg; path = Assets.xcassets/image/bromo.jpeg; sourceTree = "<group>"; };
		942102462BE4DEB300717033 /* bromo3.jpg */ = {isa = PBXFileReference; lastKnownFileType = image.jpeg; name = bromo3.jpg; path = Assets.xcassets/image/bromo3.jpg; sourceTree = "<group>"; };
		942102472BE4DEB300717033 /* bromo2.jpg */ = {isa = PBXFileReference; lastKnownFileType = image.jpeg; name = bromo2.jpg; path = Assets.xcassets/image/bromo2.jpg; sourceTree = "<group>"; };
		942102482BE4DEB300717033 /* bromo1.jpg */ = {isa = PBXFileReference; lastKnownFileType = image.jpeg; name = bromo1.jpg; path = Assets.xcassets/image/bromo1.jpg; sourceTree = "<group>"; };
/* End PBXFileReference section */

/* Begin PBXFrameworksBuildPhase section */
		942102142BE4D87400717033 /* Frameworks */ = {
			isa = PBXFrameworksBuildPhase;
			buildActionMask = 2147483647;
			files = (
			);
			runOnlyForDeploymentPostprocessing = 0;
		};
		942102252BE4D87600717033 /* Frameworks */ = {
			isa = PBXFrameworksBuildPhase;
			buildActionMask = 2147483647;
			files = (
			);
			runOnlyForDeploymentPostprocessing = 0;
		};
		9421022F2BE4D87600717033 /* Frameworks */ = {
			isa = PBXFrameworksBuildPhase;
			buildActionMask = 2147483647;
			files = (
			);
			runOnlyForDeploymentPostprocessing = 0;
		};
/* End PBXFrameworksBuildPhase section */

/* Begin PBXGroup section */
		9421020E2BE4D87400717033 = {
			isa = PBXGroup;
			children = (
				942102192BE4D87400717033 /* Chapter4-3 */,
				9421022B2BE4D87600717033 /* Chapter4-3Tests */,
				942102352BE4D87600717033 /* Chapter4-3UITests */,
				942102182BE4D87400717033 /* Products */,
			);
			sourceTree = "<group>";
		};
		942102182BE4D87400717033 /* Products */ = {
			isa = PBXGroup;
			children = (
				942102172BE4D87400717033 /* Chapter4-3.app */,
				942102282BE4D87600717033 /* Chapter4-3Tests.xctest */,
				942102322BE4D87600717033 /* Chapter4-3UITests.xctest */,
			);
			name = Products;
			sourceTree = "<group>";
		};
		942102192BE4D87400717033 /* Chapter4-3 */ = {
			isa = PBXGroup;
			children = (
				9421021A2BE4D87400717033 /* Chapter4_3App.swift */,
				9421021C2BE4D87400717033 /* SlideshowView.swift */,
				9421021E2BE4D87600717033 /* Assets.xcassets */,
				942102452BE4DEB300717033 /* bromo.jpeg */,
				942102482BE4DEB300717033 /* bromo1.jpg */,
				942102472BE4DEB300717033 /* bromo2.jpg */,
				942102462BE4DEB300717033 /* bromo3.jpg */,
				942102232BE4D87600717033 /* Chapter4_3.entitlements */,
				942102202BE4D87600717033 /* Preview Content */,
			);
			path = "Chapter4-3";
			sourceTree = "<group>";
		};
		942102202BE4D87600717033 /* Preview Content */ = {
			isa = PBXGroup;
			children = (
				942102212BE4D87600717033 /* Preview Assets.xcassets */,
			);
			path = "Preview Content";
			sourceTree = "<group>";
		};
		9421022B2BE4D87600717033 /* Chapter4-3Tests */ = {
			isa = PBXGroup;
			children = (
				9421022C2BE4D87600717033 /* Chapter4_3Tests.swift */,
			);
			path = "Chapter4-3Tests";
			sourceTree = "<group>";
		};
		942102352BE4D87600717033 /* Chapter4-3UITests */ = {
			isa = PBXGroup;
			children = (
				942102362BE4D87600717033 /* Chapter4_3UITests.swift */,
				942102382BE4D87600717033 /* Chapter4_3UITestsLaunchTests.swift */,
			);
			path = "Chapter4-3UITests";
			sourceTree = "<group>";
		};
/* End PBXGroup section */

/* Begin PBXNativeTarget section */
		942102162BE4D87400717033 /* Chapter4-3 */ = {
			isa = PBXNativeTarget;
			buildConfigurationList = 9421023C2BE4D87600717033 /* Build configuration list for PBXNativeTarget "Chapter4-3" */;
			buildPhases = (
				942102132BE4D87400717033 /* Sources */,
				942102142BE4D87400717033 /* Frameworks */,
				942102152BE4D87400717033 /* Resources */,
			);
			buildRules = (
			);
			dependencies = (
			);
			name = "Chapter4-3";
			productName = "Chapter4-3";
			productReference = 942102172BE4D87400717033 /* Chapter4-3.app */;
			productType = "com.apple.product-type.application";
		};
		942102272BE4D87600717033 /* Chapter4-3Tests */ = {
			isa = PBXNativeTarget;
			buildConfigurationList = 9421023F2BE4D87600717033 /* Build configuration list for PBXNativeTarget "Chapter4-3Tests" */;
			buildPhases = (
				942102242BE4D87600717033 /* Sources */,
				942102252BE4D87600717033 /* Frameworks */,
				942102262BE4D87600717033 /* Resources */,
			);
			buildRules = (
			);
			dependencies = (
				9421022A2BE4D87600717033 /* PBXTargetDependency */,
			);
			name = "Chapter4-3Tests";
			productName = "Chapter4-3Tests";
			productReference = 942102282BE4D87600717033 /* Chapter4-3Tests.xctest */;
			productType = "com.apple.product-type.bundle.unit-test";
		};
		942102312BE4D87600717033 /* Chapter4-3UITests */ = {
			isa = PBXNativeTarget;
			buildConfigurationList = 942102422BE4D87600717033 /* Build configuration list for PBXNativeTarget "Chapter4-3UITests" */;
			buildPhases = (
				9421022E2BE4D87600717033 /* Sources */,
				9421022F2BE4D87600717033 /* Frameworks */,
				942102302BE4D87600717033 /* Resources */,
			);
			buildRules = (
			);
			dependencies = (
				942102342BE4D87600717033 /* PBXTargetDependency */,
			);
			name = "Chapter4-3UITests";
			productName = "Chapter4-3UITests";
			productReference = 942102322BE4D87600717033 /* Chapter4-3UITests.xctest */;
			productType = "com.apple.product-type.bundle.ui-testing";
		};
/* End PBXNativeTarget section */

/* Begin PBXProject section */
		9421020F2BE4D87400717033 /* Project object */ = {
			isa = PBXProject;
			attributes = {
				BuildIndependentTargetsInParallel = 1;
				LastSwiftUpdateCheck = 1320;
				LastUpgradeCheck = 1320;
				TargetAttributes = {
					942102162BE4D87400717033 = {
						CreatedOnToolsVersion = 13.2.1;
					};
					942102272BE4D87600717033 = {
						CreatedOnToolsVersion = 13.2.1;
						TestTargetID = 942102162BE4D87400717033;
					};
					942102312BE4D87600717033 = {
						CreatedOnToolsVersion = 13.2.1;
						TestTargetID = 942102162BE4D87400717033;
					};
				};
			};
			buildConfigurationList = 942102122BE4D87400717033 /* Build configuration list for PBXProject "Chapter4-3" */;
			compatibilityVersion = "Xcode 13.0";
			developmentRegion = en;
			hasScannedForEncodings = 0;
			knownRegions = (
				en,
				Base,
			);
			mainGroup = 9421020E2BE4D87400717033;
			productRefGroup = 942102182BE4D87400717033 /* Products */;
			projectDirPath = "";
			projectRoot = "";
			targets = (
				942102162BE4D87400717033 /* Chapter4-3 */,
				942102272BE4D87600717033 /* Chapter4-3Tests */,
				942102312BE4D87600717033 /* Chapter4-3UITests */,
			);
		};
/* End PBXProject section */

/* Begin PBXResourcesBuildPhase section */
		942102152BE4D87400717033 /* Resources */ = {
			isa = PBXResourcesBuildPhase;
			buildActionMask = 2147483647;
			files = (
				9421024B2BE4DEB300717033 /* bromo2.jpg in Resources */,
				942102492BE4DEB300717033 /* bromo.jpeg in Resources */,
				942102222BE4D87600717033 /* Preview Assets.xcassets in Resources */,
				9421021F2BE4D87600717033 /* Assets.xcassets in Resources */,
				9421024A2BE4DEB300717033 /* bromo3.jpg in Resources */,
				9421024C2BE4DEB300717033 /* bromo1.jpg in Resources */,
			);
			runOnlyForDeploymentPostprocessing = 0;
		};
		942102262BE4D87600717033 /* Resources */ = {
			isa = PBXResourcesBuildPhase;
			buildActionMask = 2147483647;
			files = (
			);
			runOnlyForDeploymentPostprocessing = 0;
		};
		942102302BE4D87600717033 /* Resources */ = {
			isa = PBXResourcesBuildPhase;
			buildActionMask = 2147483647;
			files = (
			);
			runOnlyForDeploymentPostprocessing = 0;
		};
/* End PBXResourcesBuildPhase section */

/* Begin PBXSourcesBuildPhase section */
		942102132BE4D87400717033 /* Sources */ = {
			isa = PBXSourcesBuildPhase;
			buildActionMask = 2147483647;
			files = (
				9421021D2BE4D87400717033 /* SlideshowView.swift in Sources */,
				9421021B2BE4D87400717033 /* Chapter4_3App.swift in Sources */,
			);
			runOnlyForDeploymentPostprocessing = 0;
		};
		942102242BE4D87600717033 /* Sources */ = {
			isa = PBXSourcesBuildPhase;
			buildActionMask = 2147483647;
			files = (
				9421022D2BE4D87600717033 /* Chapter4_3Tests.swift in Sources */,
			);
			runOnlyForDeploymentPostprocessing = 0;
		};
		9421022E2BE4D87600717033 /* Sources */ = {
			isa = PBXSourcesBuildPhase;
			buildActionMask = 2147483647;
			files = (
				942102372BE4D87600717033 /* Chapter4_3UITests.swift in Sources */,
				942102392BE4D87600717033 /* Chapter4_3UITestsLaunchTests.swift in Sources */,
			);
			runOnlyForDeploymentPostprocessing = 0;
		};
/* End PBXSourcesBuildPhase section */

/* Begin PBXTargetDependency section */
		9421022A2BE4D87600717033 /* PBXTargetDependency */ = {
			isa = PBXTargetDependency;
			target = 942102162BE4D87400717033 /* Chapter4-3 */;
			targetProxy = 942102292BE4D87600717033 /* PBXContainerItemProxy */;
		};
		942102342BE4D87600717033 /* PBXTargetDependency */ = {
			isa = PBXTargetDependency;
			target = 942102162BE4D87400717033 /* Chapter4-3 */;
			targetProxy = 942102332BE4D87600717033 /* PBXContainerItemProxy */;
		};
/* End PBXTargetDependency section */

/* Begin XCBuildConfiguration section */
		9421023A2BE4D87600717033 /* Debug */ = {
			isa = XCBuildConfiguration;
			buildSettings = {
				ALWAYS_SEARCH_USER_PATHS = NO;
				CLANG_ANALYZER_NONNULL = YES;
				CLANG_ANALYZER_NUMBER_OBJECT_CONVERSION = YES_AGGRESSIVE;
				CLANG_CXX_LANGUAGE_STANDARD = "gnu++17";
				CLANG_CXX_LIBRARY = "libc++";
				CLANG_ENABLE_MODULES = YES;
				CLANG_ENABLE_OBJC_ARC = YES;
				CLANG_ENABLE_OBJC_WEAK = YES;
				CLANG_WARN_BLOCK_CAPTURE_AUTORELEASING = YES;
				CLANG_WARN_BOOL_CONVERSION = YES;
				CLANG_WARN_COMMA = YES;
				CLANG_WARN_CONSTANT_CONVERSION = YES;
				CLANG_WARN_DEPRECATED_OBJC_IMPLEMENTATIONS = YES;
				CLANG_WARN_DIRECT_OBJC_ISA_USAGE = YES_ERROR;
				CLANG_WARN_DOCUMENTATION_COMMENTS = YES;
				CLANG_WARN_EMPTY_BODY = YES;
				CLANG_WARN_ENUM_CONVERSION = YES;
				CLANG_WARN_INFINITE_RECURSION = YES;
				CLANG_WARN_INT_CONVERSION = YES;
				CLANG_WARN_NON_LITERAL_NULL_CONVERSION = YES;
				CLANG_WARN_OBJC_IMPLICIT_RETAIN_SELF = YES;
				CLANG_WARN_OBJC_LITERAL_CONVERSION = YES;
				CLANG_WARN_OBJC_ROOT_CLASS = YES_ERROR;
				CLANG_WARN_QUOTED_INCLUDE_IN_FRAMEWORK_HEADER = YES;
				CLANG_WARN_RANGE_LOOP_ANALYSIS = YES;
				CLANG_WARN_STRICT_PROTOTYPES = YES;
				CLANG_WARN_SUSPICIOUS_MOVE = YES;
				CLANG_WARN_UNGUARDED_AVAILABILITY = YES_AGGRESSIVE;
				CLANG_WARN_UNREACHABLE_CODE = YES;
				CLANG_WARN__DUPLICATE_METHOD_MATCH = YES;
				COPY_PHASE_STRIP = NO;
				DEBUG_INFORMATION_FORMAT = dwarf;
				ENABLE_STRICT_OBJC_MSGSEND = YES;
				ENABLE_TESTABILITY = YES;
				GCC_C_LANGUAGE_STANDARD = gnu11;
				GCC_DYNAMIC_NO_PIC = NO;
				GCC_NO_COMMON_BLOCKS = YES;
				GCC_OPTIMIZATION_LEVEL = 0;
				GCC_PREPROCESSOR_DEFINITIONS = (
					"DEBUG=1",
					"$(inherited)",
				);
				GCC_WARN_64_TO_32_BIT_CONVERSION = YES;
				GCC_WARN_ABOUT_RETURN_TYPE = YES_ERROR;
				GCC_WARN_UNDECLARED_SELECTOR = YES;
				GCC_WARN_UNINITIALIZED_AUTOS = YES_AGGRESSIVE;
				GCC_WARN_UNUSED_FUNCTION = YES;
				GCC_WARN_UNUSED_VARIABLE = YES;
				MACOSX_DEPLOYMENT_TARGET = 12.1;
				MTL_ENABLE_DEBUG_INFO = INCLUDE_SOURCE;
				MTL_FAST_MATH = YES;
				ONLY_ACTIVE_ARCH = YES;
				SDKROOT = macosx;
				SWIFT_ACTIVE_COMPILATION_CONDITIONS = DEBUG;
				SWIFT_OPTIMIZATION_LEVEL = "-Onone";
			};
			name = Debug;
		};
		9421023B2BE4D87600717033 /* Release */ = {
			isa = XCBuildConfiguration;
			buildSettings = {
				ALWAYS_SEARCH_USER_PATHS = NO;
				CLANG_ANALYZER_NONNULL = YES;
				CLANG_ANALYZER_NUMBER_OBJECT_CONVERSION = YES_AGGRESSIVE;
				CLANG_CXX_LANGUAGE_STANDARD = "gnu++17";
				CLANG_CXX_LIBRARY = "libc++";
				CLANG_ENABLE_MODULES = YES;
				CLANG_ENABLE_OBJC_ARC = YES;
				CLANG_ENABLE_OBJC_WEAK = YES;
				CLANG_WARN_BLOCK_CAPTURE_AUTORELEASING = YES;
				CLANG_WARN_BOOL_CONVERSION = YES;
				CLANG_WARN_COMMA = YES;
				CLANG_WARN_CONSTANT_CONVERSION = YES;
				CLANG_WARN_DEPRECATED_OBJC_IMPLEMENTATIONS = YES;
				CLANG_WARN_DIRECT_OBJC_ISA_USAGE = YES_ERROR;
				CLANG_WARN_DOCUMENTATION_COMMENTS = YES;
				CLANG_WARN_EMPTY_BODY = YES;
				CLANG_WARN_ENUM_CONVERSION = YES;
				CLANG_WARN_INFINITE_RECURSION = YES;
				CLANG_WARN_INT_CONVERSION = YES;
				CLANG_WARN_NON_LITERAL_NULL_CONVERSION = YES;
				CLANG_WARN_OBJC_IMPLICIT_RETAIN_SELF = YES;
				CLANG_WARN_OBJC_LITERAL_CONVERSION = YES;
				CLANG_WARN_OBJC_ROOT_CLASS = YES_ERROR;
				CLANG_WARN_QUOTED_INCLUDE_IN_FRAMEWORK_HEADER = YES;
				CLANG_WARN_RANGE_LOOP_ANALYSIS = YES;
				CLANG_WARN_STRICT_PROTOTYPES = YES;
				CLANG_WARN_SUSPICIOUS_MOVE = YES;
				CLANG_WARN_UNGUARDED_AVAILABILITY = YES_AGGRESSIVE;
				CLANG_WARN_UNREACHABLE_CODE = YES;
				CLANG_WARN__DUPLICATE_METHOD_MATCH = YES;
				COPY_PHASE_STRIP = NO;
				DEBUG_INFORMATION_FORMAT = "dwarf-with-dsym";
				ENABLE_NS_ASSERTIONS = NO;
				ENABLE_STRICT_OBJC_MSGSEND = YES;
				GCC_C_LANGUAGE_STANDARD = gnu11;
				GCC_NO_COMMON_BLOCKS = YES;
				GCC_WARN_64_TO_32_BIT_CONVERSION = YES;
				GCC_WARN_ABOUT_RETURN_TYPE = YES_ERROR;
				GCC_WARN_UNDECLARED_SELECTOR = YES;
				GCC_WARN_UNINITIALIZED_AUTOS = YES_AGGRESSIVE;
				GCC_WARN_UNUSED_FUNCTION = YES;
				GCC_WARN_UNUSED_VARIABLE = YES;
				MACOSX_DEPLOYMENT_TARGET = 12.1;
				MTL_ENABLE_DEBUG_INFO = NO;
				MTL_FAST_MATH = YES;
				SDKROOT = macosx;
				SWIFT_COMPILATION_MODE = wholemodule;
				SWIFT_OPTIMIZATION_LEVEL = "-O";
			};
			name = Release;
		};
		9421023D2BE4D87600717033 /* Debug */ = {
			isa = XCBuildConfiguration;
			buildSettings = {
				ASSETCATALOG_COMPILER_APPICON_NAME = AppIcon;
				ASSETCATALOG_COMPILER_GLOBAL_ACCENT_COLOR_NAME = AccentColor;
				CODE_SIGN_ENTITLEMENTS = "Chapter4-3/Chapter4_3.entitlements";
				CODE_SIGN_STYLE = Automatic;
				COMBINE_HIDPI_IMAGES = YES;
				CURRENT_PROJECT_VERSION = 1;
				DEVELOPMENT_ASSET_PATHS = "\"Chapter4-3/Preview Content\"";
				DEVELOPMENT_TEAM = 3Y9QK3H8CR;
				ENABLE_HARDENED_RUNTIME = YES;
				ENABLE_PREVIEWS = YES;
				GENERATE_INFOPLIST_FILE = YES;
				INFOPLIST_KEY_NSHumanReadableCopyright = "";
				LD_RUNPATH_SEARCH_PATHS = (
					"$(inherited)",
					"@executable_path/../Frameworks",
				);
				MARKETING_VERSION = 1.0;
				PRODUCT_BUNDLE_IDENTIFIER = "-.Chapter4-3";
				PRODUCT_NAME = "$(TARGET_NAME)";
				SWIFT_EMIT_LOC_STRINGS = YES;
				SWIFT_VERSION = 5.0;
			};
			name = Debug;
		};
		9421023E2BE4D87600717033 /* Release */ = {
			isa = XCBuildConfiguration;
			buildSettings = {
				ASSETCATALOG_COMPILER_APPICON_NAME = AppIcon;
				ASSETCATALOG_COMPILER_GLOBAL_ACCENT_COLOR_NAME = AccentColor;
				CODE_SIGN_ENTITLEMENTS = "Chapter4-3/Chapter4_3.entitlements";
				CODE_SIGN_STYLE = Automatic;
				COMBINE_HIDPI_IMAGES = YES;
				CURRENT_PROJECT_VERSION = 1;
				DEVELOPMENT_ASSET_PATHS = "\"Chapter4-3/Preview Content\"";
				DEVELOPMENT_TEAM = 3Y9QK3H8CR;
				ENABLE_HARDENED_RUNTIME = YES;
				ENABLE_PREVIEWS = YES;
				GENERATE_INFOPLIST_FILE = YES;
				INFOPLIST_KEY_NSHumanReadableCopyright = "";
				LD_RUNPATH_SEARCH_PATHS = (
					"$(inherited)",
					"@executable_path/../Frameworks",
				);
				MARKETING_VERSION = 1.0;
				PRODUCT_BUNDLE_IDENTIFIER = "-.Chapter4-3";
				PRODUCT_NAME = "$(TARGET_NAME)";
				SWIFT_EMIT_LOC_STRINGS = YES;
				SWIFT_VERSION = 5.0;
			};
			name = Release;
		};
		942102402BE4D87600717033 /* Debug */ = {
			isa = XCBuildConfiguration;
			buildSettings = {
				ALWAYS_EMBED_SWIFT_STANDARD_LIBRARIES = YES;
				BUNDLE_LOADER = "$(TEST_HOST)";
				CODE_SIGN_STYLE = Automatic;
				CURRENT_PROJECT_VERSION = 1;
				DEVELOPMENT_TEAM = 3Y9QK3H8CR;
				GENERATE_INFOPLIST_FILE = YES;
				MACOSX_DEPLOYMENT_TARGET = 12.1;
				MARKETING_VERSION = 1.0;
				PRODUCT_BUNDLE_IDENTIFIER = "-.Chapter4-3Tests";
				PRODUCT_NAME = "$(TARGET_NAME)";
				SWIFT_EMIT_LOC_STRINGS = NO;
				SWIFT_VERSION = 5.0;
				TEST_HOST = "$(BUILT_PRODUCTS_DIR)/Chapter4-3.app/Contents/MacOS/Chapter4-3";
			};
			name = Debug;
		};
		942102412BE4D87600717033 /* Release */ = {
			isa = XCBuildConfiguration;
			buildSettings = {
				ALWAYS_EMBED_SWIFT_STANDARD_LIBRARIES = YES;
				BUNDLE_LOADER = "$(TEST_HOST)";
				CODE_SIGN_STYLE = Automatic;
				CURRENT_PROJECT_VERSION = 1;
				DEVELOPMENT_TEAM = 3Y9QK3H8CR;
				GENERATE_INFOPLIST_FILE = YES;
				MACOSX_DEPLOYMENT_TARGET = 12.1;
				MARKETING_VERSION = 1.0;
				PRODUCT_BUNDLE_IDENTIFIER = "-.Chapter4-3Tests";
				PRODUCT_NAME = "$(TARGET_NAME)";
				SWIFT_EMIT_LOC_STRINGS = NO;
				SWIFT_VERSION = 5.0;
				TEST_HOST = "$(BUILT_PRODUCTS_DIR)/Chapter4-3.app/Contents/MacOS/Chapter4-3";
			};
			name = Release;
		};
		942102432BE4D87600717033 /* Debug */ = {
			isa = XCBuildConfiguration;
			buildSettings = {
				ALWAYS_EMBED_SWIFT_STANDARD_LIBRARIES = YES;
				CODE_SIGN_STYLE = Automatic;
				CURRENT_PROJECT_VERSION = 1;
				DEVELOPMENT_TEAM = 3Y9QK3H8CR;
				GENERATE_INFOPLIST_FILE = YES;
				MARKETING_VERSION = 1.0;
				PRODUCT_BUNDLE_IDENTIFIER = "-.Chapter4-3UITests";
				PRODUCT_NAME = "$(TARGET_NAME)";
				SWIFT_EMIT_LOC_STRINGS = NO;
				SWIFT_VERSION = 5.0;
				TEST_TARGET_NAME = "Chapter4-3";
			};
			name = Debug;
		};
		942102442BE4D87600717033 /* Release */ = {
			isa = XCBuildConfiguration;
			buildSettings = {
				ALWAYS_EMBED_SWIFT_STANDARD_LIBRARIES = YES;
				CODE_SIGN_STYLE = Automatic;
				CURRENT_PROJECT_VERSION = 1;
				DEVELOPMENT_TEAM = 3Y9QK3H8CR;
				GENERATE_INFOPLIST_FILE = YES;
				MARKETING_VERSION = 1.0;
				PRODUCT_BUNDLE_IDENTIFIER = "-.Chapter4-3UITests";
				PRODUCT_NAME = "$(TARGET_NAME)";
				SWIFT_EMIT_LOC_STRINGS = NO;
				SWIFT_VERSION = 5.0;
				TEST_TARGET_NAME = "Chapter4-3";
			};
			name = Release;
		};
/* End XCBuildConfiguration section */

/* Begin XCConfigurationList section */
		942102122BE4D87400717033 /* Build configuration list for PBXProject "Chapter4-3" */ = {
			isa = XCConfigurationList;
			buildConfigurations = (
				9421023A2BE4D87600717033 /* Debug */,
				9421023B2BE4D87600717033 /* Release */,
			);
			defaultConfigurationIsVisible = 0;
			defaultConfigurationName = Release;
		};
		9421023C2BE4D87600717033 /* Build configuration list for PBXNativeTarget "Chapter4-3" */ = {
			isa = XCConfigurationList;
			buildConfigurations = (
				9421023D2BE4D87600717033 /* Debug */,
				9421023E2BE4D87600717033 /* Release */,
			);
			defaultConfigurationIsVisible = 0;
			defaultConfigurationName = Release;
		};
		9421023F2BE4D87600717033 /* Build configuration list for PBXNativeTarget "Chapter4-3Tests" */ = {
			isa = XCConfigurationList;
			buildConfigurations = (
				942102402BE4D87600717033 /* Debug */,
				942102412BE4D87600717033 /* Release */,
			);
			defaultConfigurationIsVisible = 0;
			defaultConfigurationName = Release;
		};
		942102422BE4D87600717033 /* Build configuration list for PBXNativeTarget "Chapter4-3UITests" */ = {
			isa = XCConfigurationList;
			buildConfigurations = (
				942102432BE4D87600717033 /* Debug */,
				942102442BE4D87600717033 /* Release */,
			);
			defaultConfigurationIsVisible = 0;
			defaultConfigurationName = Release;
		};
/* End XCConfigurationList section */
	};
	rootObject = 9421020F2BE4D87400717033 /* Project object */;
}
